
Microsoft Visual Studio Solution File, Format Version 10.00
# Visual Studio 2008
Project("{FAE04EC0-301F-11D3-BF4B-00C04F79EFBC}") = "Lab1_ppp", "Lab1_ppp\Lab1_ppp.csproj", "{73881E88-45E2-439D-AA8D-B89B7B78A336}"
EndProject
Project("{FAE04EC0-301F-11D3-BF4B-00C04F79EFBC}") = "Lab1_pppScreens", "Lab1_ppp\Lab1_pppScreens\Lab1_pppScreens.csproj", "{3675053C-8211-42DD-AFEE-EB56E63ED325}"
EndProject
Global
	GlobalSection(SolutionConfigurationPlatforms) = preSolution
		Debug|Any CPU = Debug|Any CPU
		Release|Any CPU = Release|Any CPU
	EndGlobalSection
	GlobalSection(ProjectConfigurationPlatforms) = postSolution
		{73881E88-45E2-439D-AA8D-B89B7B78A336}.Debug|Any CPU.ActiveCfg = Debug|Any CPU
		{73881E88-45E2-439D-AA8D-B89B7B78A336}.Debug|Any CPU.Build.0 = Debug|Any CPU
		{73881E88-45E2-439D-AA8D-B89B7B78A336}.Release|Any CPU.ActiveCfg = Release|Any CPU
		{73881E88-45E2-439D-AA8D-B89B7B78A336}.Release|Any CPU.Build.0 = Release|Any CPU
		{3675053C-8211-42DD-AFEE-EB56E63ED325}.Debug|Any CPU.ActiveCfg = Debug|Any CPU
		{3675053C-8211-42DD-AFEE-EB56E63ED325}.Debug|Any CPU.Build.0 = Debug|Any CPU
		{3675053C-8211-42DD-AFEE-EB56E63ED325}.Release|Any CPU.ActiveCfg = Release|Any CPU
		{3675053C-8211-42DD-AFEE-EB56E63ED325}.Release|Any CPU.Build.0 = Release|Any CPU
	EndGlobalSection
EndGlobal
